
Microsoft Visual Studio Solution File, Format Version 12.00
# Visual Studio 15
VisualStudioVersion = 15.0.26228.9
MinimumVisualStudioVersion = 10.0.40219.1
Project("{FAE04EC0-301F-11D3-BF4B-00C04F79EFBC}") = "P01.ExcelletResult", "P01.ExcelletResult\P01.ExcelletResult.csproj", "{0DAF6216-415C-41BD-B4B6-4C00571FAAAB}"
EndProject
Project("{FAE04EC0-301F-11D3-BF4B-00C04F79EFBC}") = "P02.ExcellentOrNot", "P02.ExcellentOrNot\P02.ExcellentOrNot.csproj", "{183AC3AE-DBDD-4A04-A681-61EE892E3656}"
EndProject
Project("{FAE04EC0-301F-11D3-BF4B-00C04F79EFBC}") = "P03.EvenOrOdd", "P03.EvenOrOdd\P03.EvenOrOdd.csproj", "{2A1F8FB8-78C9-49C9-8DFF-98806EE7A0F7}"
EndProject
Project("{FAE04EC0-301F-11D3-BF4B-00C04F79EFBC}") = "P03.GreaterNumber", "P03.GreaterNumber\P03.GreaterNumber.csproj", "{7923B804-01DE-40F7-8846-A8E9C187553B}"
EndProject
Project("{FAE04EC0-301F-11D3-BF4B-00C04F79EFBC}") = "P04.01.NumberZeroNineToText", "P04.01.NumberZeroNineToText\P04.01.NumberZeroNineToText.csproj", "{440F91E4-132C-4E8E-9BFF-216E97B45B92}"
EndProject
Project("{FAE04EC0-301F-11D3-BF4B-00C04F79EFBC}") = "P04.02.NumberZeroNineToText", "P04.02.NumberZeroNineToText\P04.02.NumberZeroNineToText.csproj", "{64B127AB-51C2-4C12-BD6D-81E5E0BD2D67}"
EndProject
Project("{FAE04EC0-301F-11D3-BF4B-00C04F79EFBC}") = "P05.BonusScore", "P05.BonusScore\P05.BonusScore.csproj", "{A3F529D5-FC9E-4592-9714-62FF74C65AAC}"
EndProject
Project("{FAE04EC0-301F-11D3-BF4B-00C04F79EFBC}") = "P06.01.SumSeconds", "P06.01.SumSeconds\P06.01.SumSeconds.csproj", "{F68D2FD3-4132-436B-83C8-68A480B13108}"
EndProject
Project("{FAE04EC0-301F-11D3-BF4B-00C04F79EFBC}") = "P06.02.SumSeconds", "P06.02.SumSeconds\P06.02.SumSeconds.csproj", "{5D215072-AF49-4C64-8572-4D3D4EE9095C}"
EndProject
Project("{FAE04EC0-301F-11D3-BF4B-00C04F79EFBC}") = "P07.01.MetricConverter", "P07.01.MetricConverter\P07.01.MetricConverter.csproj", "{56D5CA31-2213-45E2-BDA3-AE98F6653EAE}"
EndProject
Project("{FAE04EC0-301F-11D3-BF4B-00C04F79EFBC}") = "P07.02.MetricConverter", "P07.02.MetricConverter\P07.02.MetricConverter.csproj", "{884ED136-D4BB-40C0-ACA9-B306472D3E63}"
EndProject
Project("{FAE04EC0-301F-11D3-BF4B-00C04F79EFBC}") = "P08.PasswordGuess", "P08.PasswordGuess\P08.PasswordGuess.csproj", "{82352767-2022-496B-BD30-36CAB153679A}"
EndProject
Project("{FAE04EC0-301F-11D3-BF4B-00C04F79EFBC}") = "P09.NumFrom100To200", "P09.NumFrom100To200\P09.NumFrom100To200.csproj", "{1A1DE019-59BF-48BC-A621-9C05E58F8C93}"
EndProject
Project("{FAE04EC0-301F-11D3-BF4B-00C04F79EFBC}") = "P10.EqualWords", "P10.EqualWords\P10.EqualWords.csproj", "{EEA3DEC8-13D2-4A0B-A378-D71E60A33925}"
EndProject
Project("{FAE04EC0-301F-11D3-BF4B-00C04F79EFBC}") = "P11.SpeedInfo", "P11.SpeedInfo\P11.SpeedInfo.csproj", "{743E853B-F887-4F90-AC87-D1A9A2DC63F8}"
EndProject
Project("{FAE04EC0-301F-11D3-BF4B-00C04F79EFBC}") = "P12.AreaOfFigures", "P12.AreaOfFigures\P12.AreaOfFigures.csproj", "{585A56EB-B3C8-4341-9147-7F2176A67AB6}"
EndProject
Project("{FAE04EC0-301F-11D3-BF4B-00C04F79EFBC}") = "P13.01.TimePlus15Minutes", "P13.01.TimePlus15Minutes\P13.01.TimePlus15Minutes.csproj", "{9215701A-A7B4-445D-8676-5312B56EA7F4}"
EndProject
Project("{FAE04EC0-301F-11D3-BF4B-00C04F79EFBC}") = "P13.02.TimePlus15Minutes", "P13.02.TimePlus15Minutes\P13.02.TimePlus15Minutes.csproj", "{0F39A98D-011D-44F7-BD94-91329091DF1E}"
EndProject
Project("{FAE04EC0-301F-11D3-BF4B-00C04F79EFBC}") = "P14.EqualNumbers", "P14.EqualNumbers\P14.EqualNumbers.csproj", "{0FC18B40-1778-48AD-9627-DCDD60798A8E}"
EndProject
Project("{FAE04EC0-301F-11D3-BF4B-00C04F79EFBC}") = "P15.Number0to100Text", "P15.Number0to100Text\P15.Number0to100Text.csproj", "{114507ED-A4D7-4660-B265-E0224F8C72ED}"
EndProject
Global
	GlobalSection(SolutionConfigurationPlatforms) = preSolution
		Debug|Any CPU = Debug|Any CPU
		Release|Any CPU = Release|Any CPU
	EndGlobalSection
	GlobalSection(ProjectConfigurationPlatforms) = postSolution
		{0DAF6216-415C-41BD-B4B6-4C00571FAAAB}.Debug|Any CPU.ActiveCfg = Debug|Any CPU
		{0DAF6216-415C-41BD-B4B6-4C00571FAAAB}.Debug|Any CPU.Build.0 = Debug|Any CPU
		{0DAF6216-415C-41BD-B4B6-4C00571FAAAB}.Release|Any CPU.ActiveCfg = Release|Any CPU
		{0DAF6216-415C-41BD-B4B6-4C00571FAAAB}.Release|Any CPU.Build.0 = Release|Any CPU
		{183AC3AE-DBDD-4A04-A681-61EE892E3656}.Debug|Any CPU.ActiveCfg = Debug|Any CPU
		{183AC3AE-DBDD-4A04-A681-61EE892E3656}.Debug|Any CPU.Build.0 = Debug|Any CPU
		{183AC3AE-DBDD-4A04-A681-61EE892E3656}.Release|Any CPU.ActiveCfg = Release|Any CPU
		{183AC3AE-DBDD-4A04-A681-61EE892E3656}.Release|Any CPU.Build.0 = Release|Any CPU
		{2A1F8FB8-78C9-49C9-8DFF-98806EE7A0F7}.Debug|Any CPU.ActiveCfg = Debug|Any CPU
		{2A1F8FB8-78C9-49C9-8DFF-98806EE7A0F7}.Debug|Any CPU.Build.0 = Debug|Any CPU
		{2A1F8FB8-78C9-49C9-8DFF-98806EE7A0F7}.Release|Any CPU.ActiveCfg = Release|Any CPU
		{2A1F8FB8-78C9-49C9-8DFF-98806EE7A0F7}.Release|Any CPU.Build.0 = Release|Any CPU
		{7923B804-01DE-40F7-8846-A8E9C187553B}.Debug|Any CPU.ActiveCfg = Debug|Any CPU
		{7923B804-01DE-40F7-8846-A8E9C187553B}.Debug|Any CPU.Build.0 = Debug|Any CPU
		{7923B804-01DE-40F7-8846-A8E9C187553B}.Release|Any CPU.ActiveCfg = Release|Any CPU
		{7923B804-01DE-40F7-8846-A8E9C187553B}.Release|Any CPU.Build.0 = Release|Any CPU
		{440F91E4-132C-4E8E-9BFF-216E97B45B92}.Debug|Any CPU.ActiveCfg = Debug|Any CPU
		{440F91E4-132C-4E8E-9BFF-216E97B45B92}.Debug|Any CPU.Build.0 = Debug|Any CPU
		{440F91E4-132C-4E8E-9BFF-216E97B45B92}.Release|Any CPU.ActiveCfg = Release|Any CPU
		{440F91E4-132C-4E8E-9BFF-216E97B45B92}.Release|Any CPU.Build.0 = Release|Any CPU
		{64B127AB-51C2-4C12-BD6D-81E5E0BD2D67}.Debug|Any CPU.ActiveCfg = Debug|Any CPU
		{64B127AB-51C2-4C12-BD6D-81E5E0BD2D67}.Debug|Any CPU.Build.0 = Debug|Any CPU
		{64B127AB-51C2-4C12-BD6D-81E5E0BD2D67}.Release|Any CPU.ActiveCfg = Release|Any CPU
		{64B127AB-51C2-4C12-BD6D-81E5E0BD2D67}.Release|Any CPU.Build.0 = Release|Any CPU
		{A3F529D5-FC9E-4592-9714-62FF74C65AAC}.Debug|Any CPU.ActiveCfg = Debug|Any CPU
		{A3F529D5-FC9E-4592-9714-62FF74C65AAC}.Debug|Any CPU.Build.0 = Debug|Any CPU
		{A3F529D5-FC9E-4592-9714-62FF74C65AAC}.Release|Any CPU.ActiveCfg = Release|Any CPU
		{A3F529D5-FC9E-4592-9714-62FF74C65AAC}.Release|Any CPU.Build.0 = Release|Any CPU
		{F68D2FD3-4132-436B-83C8-68A480B13108}.Debug|Any CPU.ActiveCfg = Debug|Any CPU
		{F68D2FD3-4132-436B-83C8-68A480B13108}.Debug|Any CPU.Build.0 = Debug|Any CPU
		{F68D2FD3-4132-436B-83C8-68A480B13108}.Release|Any CPU.ActiveCfg = Release|Any CPU
		{F68D2FD3-4132-436B-83C8-68A480B13108}.Release|Any CPU.Build.0 = Release|Any CPU
		{5D215072-AF49-4C64-8572-4D3D4EE9095C}.Debug|Any CPU.ActiveCfg = Debug|Any CPU
		{5D215072-AF49-4C64-8572-4D3D4EE9095C}.Debug|Any CPU.Build.0 = Debug|Any CPU
		{5D215072-AF49-4C64-8572-4D3D4EE9095C}.Release|Any CPU.ActiveCfg = Release|Any CPU
		{5D215072-AF49-4C64-8572-4D3D4EE9095C}.Release|Any CPU.Build.0 = Release|Any CPU
		{56D5CA31-2213-45E2-BDA3-AE98F6653EAE}.Debug|Any CPU.ActiveCfg = Debug|Any CPU
		{56D5CA31-2213-45E2-BDA3-AE98F6653EAE}.Debug|Any CPU.Build.0 = Debug|Any CPU
		{56D5CA31-2213-45E2-BDA3-AE98F6653EAE}.Release|Any CPU.ActiveCfg = Release|Any CPU
		{56D5CA31-2213-45E2-BDA3-AE98F6653EAE}.Release|Any CPU.Build.0 = Release|Any CPU
		{884ED136-D4BB-40C0-ACA9-B306472D3E63}.Debug|Any CPU.ActiveCfg = Debug|Any CPU
		{884ED136-D4BB-40C0-ACA9-B306472D3E63}.Debug|Any CPU.Build.0 = Debug|Any CPU
		{884ED136-D4BB-40C0-ACA9-B306472D3E63}.Release|Any CPU.ActiveCfg = Release|Any CPU
		{884ED136-D4BB-40C0-ACA9-B306472D3E63}.Release|Any CPU.Build.0 = Release|Any CPU
		{82352767-2022-496B-BD30-36CAB153679A}.Debug|Any CPU.ActiveCfg = Debug|Any CPU
		{82352767-2022-496B-BD30-36CAB153679A}.Debug|Any CPU.Build.0 = Debug|Any CPU
		{82352767-2022-496B-BD30-36CAB153679A}.Release|Any CPU.ActiveCfg = Release|Any CPU
		{82352767-2022-496B-BD30-36CAB153679A}.Release|Any CPU.Build.0 = Release|Any CPU
		{1A1DE019-59BF-48BC-A621-9C05E58F8C93}.Debug|Any CPU.ActiveCfg = Debug|Any CPU
		{1A1DE019-59BF-48BC-A621-9C05E58F8C93}.Debug|Any CPU.Build.0 = Debug|Any CPU
		{1A1DE019-59BF-48BC-A621-9C05E58F8C93}.Release|Any CPU.ActiveCfg = Release|Any CPU
		{1A1DE019-59BF-48BC-A621-9C05E58F8C93}.Release|Any CPU.Build.0 = Release|Any CPU
		{EEA3DEC8-13D2-4A0B-A378-D71E60A33925}.Debug|Any CPU.ActiveCfg = Debug|Any CPU
		{EEA3DEC8-13D2-4A0B-A378-D71E60A33925}.Debug|Any CPU.Build.0 = Debug|Any CPU
		{EEA3DEC8-13D2-4A0B-A378-D71E60A33925}.Release|Any CPU.ActiveCfg = Release|Any CPU
		{EEA3DEC8-13D2-4A0B-A378-D71E60A33925}.Release|Any CPU.Build.0 = Release|Any CPU
		{743E853B-F887-4F90-AC87-D1A9A2DC63F8}.Debug|Any CPU.ActiveCfg = Debug|Any CPU
		{743E853B-F887-4F90-AC87-D1A9A2DC63F8}.Debug|Any CPU.Build.0 = Debug|Any CPU
		{743E853B-F887-4F90-AC87-D1A9A2DC63F8}.Release|Any CPU.ActiveCfg = Release|Any CPU
		{743E853B-F887-4F90-AC87-D1A9A2DC63F8}.Release|Any CPU.Build.0 = Release|Any CPU
		{585A56EB-B3C8-4341-9147-7F2176A67AB6}.Debug|Any CPU.ActiveCfg = Debug|Any CPU
		{585A56EB-B3C8-4341-9147-7F2176A67AB6}.Debug|Any CPU.Build.0 = Debug|Any CPU
		{585A56EB-B3C8-4341-9147-7F2176A67AB6}.Release|Any CPU.ActiveCfg = Release|Any CPU
		{585A56EB-B3C8-4341-9147-7F2176A67AB6}.Release|Any CPU.Build.0 = Release|Any CPU
		{9215701A-A7B4-445D-8676-5312B56EA7F4}.Debug|Any CPU.ActiveCfg = Debug|Any CPU
		{9215701A-A7B4-445D-8676-5312B56EA7F4}.Debug|Any CPU.Build.0 = Debug|Any CPU
		{9215701A-A7B4-445D-8676-5312B56EA7F4}.Release|Any CPU.ActiveCfg = Release|Any CPU
		{9215701A-A7B4-445D-8676-5312B56EA7F4}.Release|Any CPU.Build.0 = Release|Any CPU
		{0F39A98D-011D-44F7-BD94-91329091DF1E}.Debug|Any CPU.ActiveCfg = Debug|Any CPU
		{0F39A98D-011D-44F7-BD94-91329091DF1E}.Debug|Any CPU.Build.0 = Debug|Any CPU
		{0F39A98D-011D-44F7-BD94-91329091DF1E}.Release|Any CPU.ActiveCfg = Release|Any CPU
		{0F39A98D-011D-44F7-BD94-91329091DF1E}.Release|Any CPU.Build.0 = Release|Any CPU
		{0FC18B40-1778-48AD-9627-DCDD60798A8E}.Debug|Any CPU.ActiveCfg = Debug|Any CPU
		{0FC18B40-1778-48AD-9627-DCDD60798A8E}.Debug|Any CPU.Build.0 = Debug|Any CPU
		{0FC18B40-1778-48AD-9627-DCDD60798A8E}.Release|Any CPU.ActiveCfg = Release|Any CPU
		{0FC18B40-1778-48AD-9627-DCDD60798A8E}.Release|Any CPU.Build.0 = Release|Any CPU
		{114507ED-A4D7-4660-B265-E0224F8C72ED}.Debug|Any CPU.ActiveCfg = Debug|Any CPU
		{114507ED-A4D7-4660-B265-E0224F8C72ED}.Debug|Any CPU.Build.0 = Debug|Any CPU
		{114507ED-A4D7-4660-B265-E0224F8C72ED}.Release|Any CPU.ActiveCfg = Release|Any CPU
		{114507ED-A4D7-4660-B265-E0224F8C72ED}.Release|Any CPU.Build.0 = Release|Any CPU
	EndGlobalSection
	GlobalSection(SolutionProperties) = preSolution
		HideSolutionNode = FALSE
	EndGlobalSection
EndGlobal
