
Microsoft Visual Studio Solution File, Format Version 12.00
# Visual Studio 15
VisualStudioVersion = 15.0.26228.9
MinimumVisualStudioVersion = 10.0.40219.1
Project("{FAE04EC0-301F-11D3-BF4B-00C04F79EFBC}") = "Task01RepairTiles", "Task01RepairTiles\Task01RepairTiles.csproj", "{F100C1D9-588A-43F0-9F65-936021F6A605}"
EndProject
Project("{FAE04EC0-301F-11D3-BF4B-00C04F79EFBC}") = "Task02LazyCatTom", "Task02LazyCatTom\Task02LazyCatTom.csproj", "{6754C003-5C52-4139-AFBF-FEFE88BA2743}"
EndProject
Project("{FAE04EC0-301F-11D3-BF4B-00C04F79EFBC}") = "Task03NumberOperations", "Task03NumberOperations\Task03NumberOperations.csproj", "{2C4AFFC9-E271-461D-82B9-FC7CD601CC4C}"
EndProject
Project("{FAE04EC0-301F-11D3-BF4B-00C04F79EFBC}") = "Task04SmartLily", "Task04SmartLily\Task04SmartLily.csproj", "{9552B881-D182-43E5-87CC-89400D44357E}"
EndProject
Project("{FAE04EC0-301F-11D3-BF4B-00C04F79EFBC}") = "Task05StopSign", "Task05StopSign\Task05StopSign.csproj", "{5F679AD7-82AF-4A7C-8958-F668579724B3}"
EndProject
Project("{FAE04EC0-301F-11D3-BF4B-00C04F79EFBC}") = "Task06SpecialNumbers", "Task06SpecialNumbers\Task06SpecialNumbers.csproj", "{616D129C-5D9C-43BE-B36B-A0C5C0F1ABDE}"
EndProject
Global
	GlobalSection(SolutionConfigurationPlatforms) = preSolution
		Debug|Any CPU = Debug|Any CPU
		Release|Any CPU = Release|Any CPU
	EndGlobalSection
	GlobalSection(ProjectConfigurationPlatforms) = postSolution
		{F100C1D9-588A-43F0-9F65-936021F6A605}.Debug|Any CPU.ActiveCfg = Debug|Any CPU
		{F100C1D9-588A-43F0-9F65-936021F6A605}.Debug|Any CPU.Build.0 = Debug|Any CPU
		{F100C1D9-588A-43F0-9F65-936021F6A605}.Release|Any CPU.ActiveCfg = Release|Any CPU
		{F100C1D9-588A-43F0-9F65-936021F6A605}.Release|Any CPU.Build.0 = Release|Any CPU
		{6754C003-5C52-4139-AFBF-FEFE88BA2743}.Debug|Any CPU.ActiveCfg = Debug|Any CPU
		{6754C003-5C52-4139-AFBF-FEFE88BA2743}.Debug|Any CPU.Build.0 = Debug|Any CPU
		{6754C003-5C52-4139-AFBF-FEFE88BA2743}.Release|Any CPU.ActiveCfg = Release|Any CPU
		{6754C003-5C52-4139-AFBF-FEFE88BA2743}.Release|Any CPU.Build.0 = Release|Any CPU
		{2C4AFFC9-E271-461D-82B9-FC7CD601CC4C}.Debug|Any CPU.ActiveCfg = Debug|Any CPU
		{2C4AFFC9-E271-461D-82B9-FC7CD601CC4C}.Debug|Any CPU.Build.0 = Debug|Any CPU
		{2C4AFFC9-E271-461D-82B9-FC7CD601CC4C}.Release|Any CPU.ActiveCfg = Release|Any CPU
		{2C4AFFC9-E271-461D-82B9-FC7CD601CC4C}.Release|Any CPU.Build.0 = Release|Any CPU
		{9552B881-D182-43E5-87CC-89400D44357E}.Debug|Any CPU.ActiveCfg = Debug|Any CPU
		{9552B881-D182-43E5-87CC-89400D44357E}.Debug|Any CPU.Build.0 = Debug|Any CPU
		{9552B881-D182-43E5-87CC-89400D44357E}.Release|Any CPU.ActiveCfg = Release|Any CPU
		{9552B881-D182-43E5-87CC-89400D44357E}.Release|Any CPU.Build.0 = Release|Any CPU
		{5F679AD7-82AF-4A7C-8958-F668579724B3}.Debug|Any CPU.ActiveCfg = Debug|Any CPU
		{5F679AD7-82AF-4A7C-8958-F668579724B3}.Debug|Any CPU.Build.0 = Debug|Any CPU
		{5F679AD7-82AF-4A7C-8958-F668579724B3}.Release|Any CPU.ActiveCfg = Release|Any CPU
		{5F679AD7-82AF-4A7C-8958-F668579724B3}.Release|Any CPU.Build.0 = Release|Any CPU
		{616D129C-5D9C-43BE-B36B-A0C5C0F1ABDE}.Debug|Any CPU.ActiveCfg = Debug|Any CPU
		{616D129C-5D9C-43BE-B36B-A0C5C0F1ABDE}.Debug|Any CPU.Build.0 = Debug|Any CPU
		{616D129C-5D9C-43BE-B36B-A0C5C0F1ABDE}.Release|Any CPU.ActiveCfg = Release|Any CPU
		{616D129C-5D9C-43BE-B36B-A0C5C0F1ABDE}.Release|Any CPU.Build.0 = Release|Any CPU
	EndGlobalSection
	GlobalSection(SolutionProperties) = preSolution
		HideSolutionNode = FALSE
	EndGlobalSection
EndGlobal
